
Microsoft Visual Studio Solution File, Format Version 12.00
# Visual Studio Version 16
VisualStudioVersion = 16.0.29025.244
MinimumVisualStudioVersion = 10.0.40219.1
Project("{FAE04EC0-301F-11D3-BF4B-00C04F79EFBC}") = "WikiSlownikScraper2", "WikiSlownikScraper2\WikiSlownikScraper2.csproj", "{DF34C6BC-7449-445D-910C-4786C2B15C6A}"
EndProject
Global
	GlobalSection(SolutionConfigurationPlatforms) = preSolution
		Debug|Any CPU = Debug|Any CPU
		Release|Any CPU = Release|Any CPU
	EndGlobalSection
	GlobalSection(ProjectConfigurationPlatforms) = postSolution
		{DF34C6BC-7449-445D-910C-4786C2B15C6A}.Debug|Any CPU.ActiveCfg = Debug|Any CPU
		{DF34C6BC-7449-445D-910C-4786C2B15C6A}.Debug|Any CPU.Build.0 = Debug|Any CPU
		{DF34C6BC-7449-445D-910C-4786C2B15C6A}.Release|Any CPU.ActiveCfg = Release|Any CPU
		{DF34C6BC-7449-445D-910C-4786C2B15C6A}.Release|Any CPU.Build.0 = Release|Any CPU
	EndGlobalSection
	GlobalSection(SolutionProperties) = preSolution
		HideSolutionNode = FALSE
	EndGlobalSection
	GlobalSection(ExtensibilityGlobals) = postSolution
		SolutionGuid = {AA7194F6-800D-4F3C-A667-213C558C6318}
	EndGlobalSection
EndGlobal
