
Microsoft Visual Studio Solution File, Format Version 12.00
# Visual Studio Version 16
VisualStudioVersion = 16.0.29025.244
MinimumVisualStudioVersion = 10.0.40219.1
Project("{FAE04EC0-301F-11D3-BF4B-00C04F79EFBC}") = "OpenWeatherApp.DataAccessLayer", "OpenWeatherApp.DataAccessLayer\OpenWeatherApp.DataAccessLayer.csproj", "{7DE49461-794D-4ABC-8877-1291C5B3AE17}"
EndProject
Global
	GlobalSection(SolutionConfigurationPlatforms) = preSolution
		Debug|Any CPU = Debug|Any CPU
		Release|Any CPU = Release|Any CPU
	EndGlobalSection
	GlobalSection(ProjectConfigurationPlatforms) = postSolution
		{7DE49461-794D-4ABC-8877-1291C5B3AE17}.Debug|Any CPU.ActiveCfg = Debug|Any CPU
		{7DE49461-794D-4ABC-8877-1291C5B3AE17}.Debug|Any CPU.Build.0 = Debug|Any CPU
		{7DE49461-794D-4ABC-8877-1291C5B3AE17}.Release|Any CPU.ActiveCfg = Release|Any CPU
		{7DE49461-794D-4ABC-8877-1291C5B3AE17}.Release|Any CPU.Build.0 = Release|Any CPU
	EndGlobalSection
	GlobalSection(SolutionProperties) = preSolution
		HideSolutionNode = FALSE
	EndGlobalSection
	GlobalSection(ExtensibilityGlobals) = postSolution
		SolutionGuid = {1C3ABBE1-878D-4FDE-BDA8-F83DE2BB7A2A}
	EndGlobalSection
EndGlobal
